
Microsoft Visual Studio Solution File, Format Version 12.00
# Visual Studio Version 17
VisualStudioVersion = 17.3.32804.467
MinimumVisualStudioVersion = 10.0.40219.1
Project("{FAE04EC0-301F-11D3-BF4B-00C04F79EFBC}") = "PE_Ex2", "PE_Ex2\PE_Ex2.csproj", "{7029EA73-B6A8-43FD-8613-6F105C3D3B90}"
EndProject
Global
	GlobalSection(SolutionConfigurationPlatforms) = preSolution
		Debug|Any CPU = Debug|Any CPU
		Release|Any CPU = Release|Any CPU
	EndGlobalSection
	GlobalSection(ProjectConfigurationPlatforms) = postSolution
		{7029EA73-B6A8-43FD-8613-6F105C3D3B90}.Debug|Any CPU.ActiveCfg = Debug|Any CPU
		{7029EA73-B6A8-43FD-8613-6F105C3D3B90}.Debug|Any CPU.Build.0 = Debug|Any CPU
		{7029EA73-B6A8-43FD-8613-6F105C3D3B90}.Release|Any CPU.ActiveCfg = Release|Any CPU
		{7029EA73-B6A8-43FD-8613-6F105C3D3B90}.Release|Any CPU.Build.0 = Release|Any CPU
	EndGlobalSection
	GlobalSection(SolutionProperties) = preSolution
		HideSolutionNode = FALSE
	EndGlobalSection
	GlobalSection(ExtensibilityGlobals) = postSolution
		SolutionGuid = {9DF7E407-15A1-4580-A3CF-BADEA482CC2D}
	EndGlobalSection
EndGlobal
